dependencies:
- name: kyverno
  repository: https://kyverno.github.io/kyverno/
  version: 3.9.1
- name: gluon
  repository: oci://registry1.dso.mil/bigbang
  version: 1.1.7
- name: bb-common
  repository: oci://registry1.dso.mil/bigbang
  version: 1.6.0
digest: sha256:c2447b05d157e595b332cffd19b5879bfce47cf579bea7d3f3e19d0e782c923c
generated: "2026-09-12T07:18:03.630586583Z"
