dependencies:
- name: kyverno
  repository: https://kyverno.github.io/kyverno/
  version: 3.8.1
- name: gluon
  repository: oci://registry1.dso.mil/bigbang
  version: 1.1.0
- name: bb-common
  repository: oci://registry1.dso.mil/bigbang
  version: 0.14.2
digest: sha256:973724070bc9dbda3627dccdc41dbda0c1fa8cfb9f4b5b3c76b6ea97732b9492
generated: "2026-05-20T11:22:42.583252-04:00"
