dependencies:
- name: k8s-monitoring
  repository: https://grafana.github.io/helm-charts
  version: 4.2.2
- name: gluon
  repository: oci://registry1.dso.mil/bigbang
  version: 1.1.2
- name: bb-common
  repository: oci://registry1.dso.mil/bigbang
  version: 1.1.0
digest: sha256:b260e03e8fbb8d10d73eace6486bb2296a887fb2b6015ecbba2b395fdecdbb6b
generated: "2026-07-14T06:11:15.79603531Z"
