dependencies:
- name: k8s-monitoring
  repository: https://grafana.github.io/helm-charts
  version: 4.1.7
- name: gluon
  repository: oci://registry1.dso.mil/bigbang
  version: 1.1.2
- name: bb-common
  repository: oci://registry1.dso.mil/bigbang
  version: 1.0.2
digest: sha256:47402d61d91a113556acb022bea4be8f0fc528913a1eb30dc2680d462df09847
generated: "2026-07-01T06:19:11.009145388Z"
