dependencies:
- name: k8s-monitoring
  repository: https://grafana.github.io/helm-charts
  version: 4.3.1
- name: gluon
  repository: oci://registry1.dso.mil/bigbang
  version: 1.1.3
- name: bb-common
  repository: oci://registry1.dso.mil/bigbang
  version: 1.3.1
digest: sha256:5343634095dbbdef09a958f82cbac5773bff62563772e7fa672450b64ff654e8
generated: "2026-07-29T07:11:31.444308889Z"
