dependencies:
- name: gluon
  repository: oci://registry1.dso.mil/bigbang
  version: 1.1.6
- name: grafana
  repository: https://grafana-community.github.io/helm-charts
  version: 12.10.0
- name: bb-common
  repository: oci://registry1.dso.mil/bigbang
  version: 1.4.0
digest: sha256:ec7580c5627d038587d8cab6487337e49c90e1da660873e75fcc5a56257e7df7
generated: "2026-08-20T10:49:00.819007252-04:00"
