dependencies:
- name: gluon
  repository: oci://registry1.dso.mil/bigbang
  version: 0.9.8
- name: grafana
  repository: https://grafana.github.io/helm-charts
  version: 10.5.15
- name: bb-common
  repository: oci://registry1.dso.mil/bigbang
  version: 0.14.2
digest: sha256:3038a68aa11676b18418d91e5aa2d121390da7faa0ffdf2cdc2f03ef2dad2573
generated: "2026-04-04T06:25:35.981254886Z"
