dependencies:
- name: minio-instance
  repository: oci://registry1.dso.mil/bigbang
  version: 7.1.1-bb.15
- name: grafana-agent-operator
  repository: https://grafana.github.io/helm-charts
  version: 0.5.2
- name: gluon
  repository: oci://registry1.dso.mil/bigbang
  version: 0.9.8
- name: bb-common
  repository: oci://registry1.dso.mil/bigbang
  version: 0.14.1
- name: rollout-operator
  repository: https://grafana.github.io/helm-charts
  version: 0.46.0
digest: sha256:373fbb6f1049d3a00a53255b264b437988b8f7bb61a8a04ed6def5655e86f4a2
generated: "2026-03-28T06:28:42.995399188Z"
