dependencies:
- name: crd
  repository: https://neuvector.github.io/neuvector-helm/
  version: 2.10.3
- name: core
  repository: https://neuvector.github.io/neuvector-helm/
  version: 2.10.3
- name: monitor
  repository: https://neuvector.github.io/neuvector-helm/
  version: 2.10.3
- name: bb-common
  repository: oci://registry1.dso.mil/bigbang
  version: 1.1.0
- name: gluon
  repository: oci://registry1.dso.mil/bigbang
  version: 1.1.2
digest: sha256:4cc70e904967c1cc33c2b5da26ea988df5a8fe86158960344f3680e7959d2005
generated: "2026-07-11T06:25:20.004933327Z"
