dependencies:
- name: crd
  repository: https://neuvector.github.io/neuvector-helm/
  version: 2.10.3
- name: core
  repository: https://neuvector.github.io/neuvector-helm/
  version: 2.10.3
- name: monitor
  repository: https://neuvector.github.io/neuvector-helm/
  version: 2.10.3
- name: bb-common
  repository: oci://registry1.dso.mil/bigbang
  version: 1.0.2
- name: gluon
  repository: oci://registry1.dso.mil/bigbang
  version: 1.1.1
digest: sha256:4e86021d1301916142af3872a3bd4dea61a2a11e58fdfe30aa13b5bde0baab27
generated: "2026-06-23T06:34:08.733678253Z"
