dependencies:
- name: gluon
  repository: oci://registry1.dso.mil/bigbang
  version: 0.9.8
- name: gateway
  repository: https://istio-release.storage.googleapis.com/charts
  version: 1.30.2
- name: bb-common
  repository: oci://registry1.dso.mil/bigbang
  version: 0.15.0
digest: sha256:2efd247119f3bd3e869c13be3d1ca075fd941dd9691d99bfa5b1312d6fe51c3b
generated: "2026-06-25T06:20:12.227777836Z"
