dependencies:
- name: istiod
  repository: https://istio-release.storage.googleapis.com/charts
  version: 1.30.3
- name: bb-common
  repository: oci://registry1.dso.mil/bigbang
  version: 1.2.0
digest: sha256:9824880bb16bef7829ec137421efadbb4bf9520a0c63501fffc41c0993bc6902
generated: "2026-07-24T16:01:51.0019223Z"
