dependencies:
- name: bb-common
  repository: oci://registry1.dso.mil/bigbang
  version: 1.0.2
- name: gluon
  repository: oci://registry1.dso.mil/bigbang
  version: 1.1.1
- name: kiali-operator
  repository: https://kiali.org/helm-charts/
  version: 2.28.0
digest: sha256:f3ccadb914ce7aa75182cba628f57589a819de40f97d0fd76cdbbeb23325672e
generated: "2026-06-23T06:36:17.177143996Z"
