dependencies:
- name: bb-common
  repository: oci://registry1.dso.mil/bigbang
  version: 1.4.0
- name: gluon
  repository: oci://registry1.dso.mil/bigbang
  version: 1.1.5
- name: kiali-operator
  repository: https://kiali.org/helm-charts/
  version: 2.30.0
digest: sha256:cb159da3d5c4b3f4b19d02db5d05aee5070b60c2cb77b8531a906a04884b5b69
generated: "2026-08-08T07:27:03.93110261Z"
